
Microsoft Visual Studio Solution File, Format Version 12.00
# Visual Studio Version 17
VisualStudioVersion = 17.1.32228.430
MinimumVisualStudioVersion = 10.0.40219.1
Project("{9A19103F-16F7-4668-BE54-9A1E7A4F7556}") = "Zorro.WebApplication", "Zorro.WebApplication\Zorro.WebApplication.csproj", "{986B3BCE-AE07-4002-A24A-2AA41261D458}"
EndProject
Project("{9A19103F-16F7-4668-BE54-9A1E7A4F7556}") = "Zorro.Api", "Zorro.Api\Zorro.Api.csproj", "{F3BB0F52-5161-4E36-9263-19FEAE0294A8}"
EndProject
Project("{9A19103F-16F7-4668-BE54-9A1E7A4F7556}") = "Zorro.Dal", "Zorro.Dal\Zorro.Dal.csproj", "{36CA7C45-EA11-446B-A50F-1E5AF90992E0}"
EndProject
Project("{9A19103F-16F7-4668-BE54-9A1E7A4F7556}") = "ZorroTest", "ZorroTest\ZorroTest.csproj", "{B0B1042C-DB48-4793-B583-24EA508F3C00}"
EndProject
Global
	GlobalSection(SolutionConfigurationPlatforms) = preSolution
		Debug|Any CPU = Debug|Any CPU
		Release|Any CPU = Release|Any CPU
	EndGlobalSection
	GlobalSection(ProjectConfigurationPlatforms) = postSolution
		{986B3BCE-AE07-4002-A24A-2AA41261D458}.Debug|Any CPU.ActiveCfg = Debug|Any CPU
		{986B3BCE-AE07-4002-A24A-2AA41261D458}.Debug|Any CPU.Build.0 = Debug|Any CPU
		{986B3BCE-AE07-4002-A24A-2AA41261D458}.Release|Any CPU.ActiveCfg = Release|Any CPU
		{986B3BCE-AE07-4002-A24A-2AA41261D458}.Release|Any CPU.Build.0 = Release|Any CPU
		{F3BB0F52-5161-4E36-9263-19FEAE0294A8}.Debug|Any CPU.ActiveCfg = Debug|Any CPU
		{F3BB0F52-5161-4E36-9263-19FEAE0294A8}.Debug|Any CPU.Build.0 = Debug|Any CPU
		{F3BB0F52-5161-4E36-9263-19FEAE0294A8}.Release|Any CPU.ActiveCfg = Release|Any CPU
		{F3BB0F52-5161-4E36-9263-19FEAE0294A8}.Release|Any CPU.Build.0 = Release|Any CPU
		{36CA7C45-EA11-446B-A50F-1E5AF90992E0}.Debug|Any CPU.ActiveCfg = Debug|Any CPU
		{36CA7C45-EA11-446B-A50F-1E5AF90992E0}.Debug|Any CPU.Build.0 = Debug|Any CPU
		{36CA7C45-EA11-446B-A50F-1E5AF90992E0}.Release|Any CPU.ActiveCfg = Release|Any CPU
		{36CA7C45-EA11-446B-A50F-1E5AF90992E0}.Release|Any CPU.Build.0 = Release|Any CPU
		{B0B1042C-DB48-4793-B583-24EA508F3C00}.Debug|Any CPU.ActiveCfg = Debug|Any CPU
		{B0B1042C-DB48-4793-B583-24EA508F3C00}.Debug|Any CPU.Build.0 = Debug|Any CPU
		{B0B1042C-DB48-4793-B583-24EA508F3C00}.Release|Any CPU.ActiveCfg = Release|Any CPU
		{B0B1042C-DB48-4793-B583-24EA508F3C00}.Release|Any CPU.Build.0 = Release|Any CPU
	EndGlobalSection
	GlobalSection(SolutionProperties) = preSolution
		HideSolutionNode = FALSE
	EndGlobalSection
	GlobalSection(ExtensibilityGlobals) = postSolution
		SolutionGuid = {FBD0BA3D-A2D0-4D2E-8EE5-EF0A9D6252E2}
	EndGlobalSection
EndGlobal
